
Microsoft Visual Studio Solution File, Format Version 12.00
# Visual Studio 14
VisualStudioVersion = 14.0.25123.0
MinimumVisualStudioVersion = 10.0.40219.1
Project("{FAE04EC0-301F-11D3-BF4B-00C04F79EFBC}") = ".\TrueLove\TrueLove", ".\TrueLove\TrueLove.csproj", "{FC9EEDC4-9DA4-4D2F-8CDC-12043E8CCF1A}"
EndProject
Project("{FAE04EC0-301F-11D3-BF4B-00C04F79EFBC}") = "TrueLove.Tests", ".\TrueLove.Tests\TrueLove.Tests.csproj", "{9295E975-CE66-4DF0-9E93-691E1BD0A535}"
EndProject
Global
	GlobalSection(SolutionConfigurationPlatforms) = preSolution
		Debug|Any CPU = Debug|Any CPU
		Release|Any CPU = Release|Any CPU
	EndGlobalSection
	GlobalSection(ProjectConfigurationPlatforms) = postSolution
		{FC9EEDC4-9DA4-4D2F-8CDC-12043E8CCF1A}.Debug|Any CPU.ActiveCfg = Debug|Any CPU
		{FC9EEDC4-9DA4-4D2F-8CDC-12043E8CCF1A}.Debug|Any CPU.Build.0 = Debug|Any CPU
		{FC9EEDC4-9DA4-4D2F-8CDC-12043E8CCF1A}.Release|Any CPU.ActiveCfg = Release|Any CPU
		{FC9EEDC4-9DA4-4D2F-8CDC-12043E8CCF1A}.Release|Any CPU.Build.0 = Release|Any CPU
		{9295E975-CE66-4DF0-9E93-691E1BD0A535}.Debug|Any CPU.ActiveCfg = Debug|Any CPU
		{9295E975-CE66-4DF0-9E93-691E1BD0A535}.Debug|Any CPU.Build.0 = Debug|Any CPU
		{9295E975-CE66-4DF0-9E93-691E1BD0A535}.Release|Any CPU.ActiveCfg = Release|Any CPU
		{9295E975-CE66-4DF0-9E93-691E1BD0A535}.Release|Any CPU.Build.0 = Release|Any CPU
	EndGlobalSection
	GlobalSection(SolutionProperties) = preSolution
		HideSolutionNode = FALSE
	EndGlobalSection
EndGlobal
